// !$*UTF8*$!
{
	archiveVersion = 1;
	classes = {
	};
	objectVersion = 46;
	objects = {

/* Begin PBXBuildFile section */
		C0C7FD0620FFA3250052FD53 /* MainNavigationController.swift in Sources */ = {isa = PBXBuildFile; fileRef = C0C7FD0520FFA3250052FD53 /* MainNavigationController.swift */; };
		C0C7FD0C20FFD9400052FD53 /* AWCollectionViewSlidingDoorLayout.m in Sources */ = {isa = PBXBuildFile; fileRef = C0C7FD0B20FFD9400052FD53 /* AWCollectionViewSlidingDoorLayout.m */; };
		C0C7FD1C20FFD95D0052FD53 /* photo-1445285303476-2f3b16d67b7a.jpg in Resources */ = {isa = PBXBuildFile; fileRef = C0C7FD0E20FFD95D0052FD53 /* photo-1445285303476-2f3b16d67b7a.jpg */; };
		C0C7FD1D20FFD95D0052FD53 /* photo-1431887773042-803ed52bed26.jpg in Resources */ = {isa = PBXBuildFile; fileRef = C0C7FD0F20FFD95D0052FD53 /* photo-1431887773042-803ed52bed26.jpg */; };
		C0C7FD1E20FFD95D0052FD53 /* photo-1446752875215-b2761acb3c5d.jpg in Resources */ = {isa = PBXBuildFile; fileRef = C0C7FD1020FFD95D0052FD53 /* photo-1446752875215-b2761acb3c5d.jpg */; };
		C0C7FD1F20FFD95D0052FD53 /* photo-1446771326090-d910bfaf00f6.jpg in Resources */ = {isa = PBXBuildFile; fileRef = C0C7FD1120FFD95D0052FD53 /* photo-1446771326090-d910bfaf00f6.jpg */; };
		C0C7FD2020FFD95D0052FD53 /* photo-1249182325215-d517de72c42d.jpg in Resources */ = {isa = PBXBuildFile; fileRef = C0C7FD1220FFD95D0052FD53 /* photo-1249182325215-d517de72c42d.jpg */; };
		C0C7FD2120FFD95D0052FD53 /* photo-1443890923422-7819ed4101c0.jpg in Resources */ = {isa = PBXBuildFile; fileRef = C0C7FD1320FFD95D0052FD53 /* photo-1443890923422-7819ed4101c0.jpg */; };
		C0C7FD2220FFD95D0052FD53 /* photo-1447877015176-3099cb49cd6a.jpg in Resources */ = {isa = PBXBuildFile; fileRef = C0C7FD1420FFD95D0052FD53 /* photo-1447877015176-3099cb49cd6a.jpg */; };
		C0C7FD2320FFD95D0052FD53 /* photo-1446797376004-9352dfc9f789.jpg in Resources */ = {isa = PBXBuildFile; fileRef = C0C7FD1520FFD95D0052FD53 /* photo-1446797376004-9352dfc9f789.jpg */; };
		C0C7FD2420FFD95D0052FD53 /* photo-1449157291145-7efd050a4d0e.jpg in Resources */ = {isa = PBXBuildFile; fileRef = C0C7FD1620FFD95D0052FD53 /* photo-1449157291145-7efd050a4d0e.jpg */; };
		C0C7FD2520FFD95D0052FD53 /* menu.png in Resources */ = {isa = PBXBuildFile; fileRef = C0C7FD1720FFD95D0052FD53 /* menu.png */; };
		C0C7FD2620FFD95D0052FD53 /* photo-1448318440207-ef1893eb8ac0.jpg in Resources */ = {isa = PBXBuildFile; fileRef = C0C7FD1820FFD95D0052FD53 /* photo-1448318440207-ef1893eb8ac0.jpg */; };
		C0C7FD2720FFD95D0052FD53 /* menu@2x.png in Resources */ = {isa = PBXBuildFile; fileRef = C0C7FD1920FFD95D0052FD53 /* menu@2x.png */; };
		C0C7FD2820FFD95D0052FD53 /* photo-1331975562098-bac8ded504c7.jpg in Resources */ = {isa = PBXBuildFile; fileRef = C0C7FD1A20FFD95D0052FD53 /* photo-1331975562098-bac8ded504c7.jpg */; };
		C0C7FD2920FFD95D0052FD53 /* photo-1438190318100-06790c8b2e5a.jpg in Resources */ = {isa = PBXBuildFile; fileRef = C0C7FD1B20FFD95D0052FD53 /* photo-1438190318100-06790c8b2e5a.jpg */; };
		C0C7FD2F20FFD9CD0052FD53 /* GalleryCell.m in Sources */ = {isa = PBXBuildFile; fileRef = C0C7FD2C20FFD9CD0052FD53 /* GalleryCell.m */; };
		C0C7FD3320FFDE820052FD53 /* FirstPageViewController.swift in Sources */ = {isa = PBXBuildFile; fileRef = C0C7FD3220FFDE820052FD53 /* FirstPageViewController.swift */; };
		C0C7FD3520FFE3220052FD53 /* gallery.json in Resources */ = {isa = PBXBuildFile; fileRef = C0C7FD3420FFE3220052FD53 /* gallery.json */; };
		C0C7FD3720FFE5920052FD53 /* galleryCell.xib in Resources */ = {isa = PBXBuildFile; fileRef = C0C7FD3620FFE5920052FD53 /* galleryCell.xib */; };
		D527A101E3BF9D807CC9609B /* LaunchScreen.xib in Resources */ = {isa = PBXBuildFile; fileRef = D527A8A79CD3995976B1E6E1 /* LaunchScreen.xib */; };
		D527A20BFCB7C7B0E37A4763 /* Main.storyboard in Resources */ = {isa = PBXBuildFile; fileRef = D527A0056D698FE36A57118C /* Main.storyboard */; };
		D527A57D9911754481704B6B /* CircularRevealAnimator.swift in Sources */ = {isa = PBXBuildFile; fileRef = D527A13E48B18500949B7B96 /* CircularRevealAnimator.swift */; };
		D527A7200B55D7F02B668EB7 /* AppDelegate.swift in Sources */ = {isa = PBXBuildFile; fileRef = D527A9A1CA6B6431213BC32A /* AppDelegate.swift */; };
		D527A8AB2910DEAFC8280DB3 /* AnimationDelegate.swift in Sources */ = {isa = PBXBuildFile; fileRef = D527A38D471E969546101E9D /* AnimationDelegate.swift */; };
		D527A9045F5ABFD082C88DE9 /* CircularRevealTransitionAnimator.swift in Sources */ = {isa = PBXBuildFile; fileRef = D527ADC428F439B09D3D9536 /* CircularRevealTransitionAnimator.swift */; };
		D527AB5DDFE8C2F3C5FAF17D /* Images.xcassets in Resources */ = {isa = PBXBuildFile; fileRef = D527A23D29DEA855526855B0 /* Images.xcassets */; };
		D527ABFB0A09CCCD2CDA8D1F /* UITableViewCell.swift in Sources */ = {isa = PBXBuildFile; fileRef = D527AF8B99B6CDA9B3B54F68 /* UITableViewCell.swift */; };
		D527ADAA92A06CB2A8B2A8CE /* ViewController.swift in Sources */ = {isa = PBXBuildFile; fileRef = D527A483DF3A43722B868175 /* ViewController.swift */; };
		D527AF8942F06D055CB017CD /* MenuViewController.swift in Sources */ = {isa = PBXBuildFile; fileRef = D527AD4045CEF0C845F9C597 /* MenuViewController.swift */; };
		F3620E0306A3627D68ADD8CB /* Pods_Deuro.framework in Frameworks */ = {isa = PBXBuildFile; fileRef = 22114E08B5BE94880F66A1D1 /* Pods_Deuro.framework */; };
/* End PBXBuildFile section */

/* Begin PBXCopyFilesBuildPhase section */
		5008F06B1A6D0B4500D6B4EE /* Copy Files */ = {
			isa = PBXCopyFilesBuildPhase;
			buildActionMask = 2147483647;
			dstPath = "";
			dstSubfolderSpec = 10;
			files = (
			);
			name = "Copy Files";
			runOnlyForDeploymentPostprocessing = 0;
		};
/* End PBXCopyFilesBuildPhase section */

/* Begin PBXFileReference section */
		22114E08B5BE94880F66A1D1 /* Pods_Deuro.framework */ = {isa = PBXFileReference; explicitFileType = wrapper.framework; includeInIndex = 0; path = Pods_Deuro.framework; sourceTree = BUILT_PRODUCTS_DIR; };
		50B9664E1A25E40E00208F2E /* Deuro.app */ = {isa = PBXFileReference; explicitFileType = wrapper.application; includeInIndex = 0; path = Deuro.app; sourceTree = BUILT_PRODUCTS_DIR; };
		50B966521A25E40E00208F2E /* Info.plist */ = {isa = PBXFileReference; lastKnownFileType = text.plist.xml; path = Info.plist; sourceTree = "<group>"; };
		7DB3452E422EDC1248757C18 /* Pods-Deuro.debug.xcconfig */ = {isa = PBXFileReference; includeInIndex = 1; lastKnownFileType = text.xcconfig; name = "Pods-Deuro.debug.xcconfig"; path = "Pods/Target Support Files/Pods-Deuro/Pods-Deuro.debug.xcconfig"; sourceTree = "<group>"; };
		C0C7FD0520FFA3250052FD53 /* MainNavigationController.swift */ = {isa = PBXFileReference; lastKnownFileType = sourcecode.swift; path = MainNavigationController.swift; sourceTree = "<group>"; };
		C0C7FD0920FFD93F0052FD53 /* Deuro-Bridging-Header.h */ = {isa = PBXFileReference; lastKnownFileType = sourcecode.c.h; path = "Deuro-Bridging-Header.h"; sourceTree = "<group>"; };
		C0C7FD0A20FFD9400052FD53 /* AWCollectionViewSlidingDoorLayout.h */ = {isa = PBXFileReference; fileEncoding = 4; lastKnownFileType = sourcecode.c.h; path = AWCollectionViewSlidingDoorLayout.h; sourceTree = "<group>"; };
		C0C7FD0B20FFD9400052FD53 /* AWCollectionViewSlidingDoorLayout.m */ = {isa = PBXFileReference; fileEncoding = 4; lastKnownFileType = sourcecode.c.objc; path = AWCollectionViewSlidingDoorLayout.m; sourceTree = "<group>"; };
		C0C7FD0E20FFD95D0052FD53 /* photo-1445285303476-2f3b16d67b7a.jpg */ = {isa = PBXFileReference; lastKnownFileType = image.jpeg; path = "photo-1445285303476-2f3b16d67b7a.jpg"; sourceTree = "<group>"; };
		C0C7FD0F20FFD95D0052FD53 /* photo-1431887773042-803ed52bed26.jpg */ = {isa = PBXFileReference; lastKnownFileType = image.jpeg; path = "photo-1431887773042-803ed52bed26.jpg"; sourceTree = "<group>"; };
		C0C7FD1020FFD95D0052FD53 /* photo-1446752875215-b2761acb3c5d.jpg */ = {isa = PBXFileReference; lastKnownFileType = image.jpeg; path = "photo-1446752875215-b2761acb3c5d.jpg"; sourceTree = "<group>"; };
		C0C7FD1120FFD95D0052FD53 /* photo-1446771326090-d910bfaf00f6.jpg */ = {isa = PBXFileReference; lastKnownFileType = image.jpeg; path = "photo-1446771326090-d910bfaf00f6.jpg"; sourceTree = "<group>"; };
		C0C7FD1220FFD95D0052FD53 /* photo-1249182325215-d517de72c42d.jpg */ = {isa = PBXFileReference; lastKnownFileType = image.jpeg; path = "photo-1249182325215-d517de72c42d.jpg"; sourceTree = "<group>"; };
		C0C7FD1320FFD95D0052FD53 /* photo-1443890923422-7819ed4101c0.jpg */ = {isa = PBXFileReference; lastKnownFileType = image.jpeg; path = "photo-1443890923422-7819ed4101c0.jpg"; sourceTree = "<group>"; };
		C0C7FD1420FFD95D0052FD53 /* photo-1447877015176-3099cb49cd6a.jpg */ = {isa = PBXFileReference; lastKnownFileType = image.jpeg; path = "photo-1447877015176-3099cb49cd6a.jpg"; sourceTree = "<group>"; };
		C0C7FD1520FFD95D0052FD53 /* photo-1446797376004-9352dfc9f789.jpg */ = {isa = PBXFileReference; lastKnownFileType = image.jpeg; path = "photo-1446797376004-9352dfc9f789.jpg"; sourceTree = "<group>"; };
		C0C7FD1620FFD95D0052FD53 /* photo-1449157291145-7efd050a4d0e.jpg */ = {isa = PBXFileReference; lastKnownFileType = image.jpeg; path = "photo-1449157291145-7efd050a4d0e.jpg"; sourceTree = "<group>"; };
		C0C7FD1720FFD95D0052FD53 /* menu.png */ = {isa = PBXFileReference; lastKnownFileType = image.png; path = menu.png; sourceTree = "<group>"; };
		C0C7FD1820FFD95D0052FD53 /* photo-1448318440207-ef1893eb8ac0.jpg */ = {isa = PBXFileReference; lastKnownFileType = image.jpeg; path = "photo-1448318440207-ef1893eb8ac0.jpg"; sourceTree = "<group>"; };
		C0C7FD1920FFD95D0052FD53 /* menu@2x.png */ = {isa = PBXFileReference; lastKnownFileType = image.png; path = "menu@2x.png"; sourceTree = "<group>"; };
		C0C7FD1A20FFD95D0052FD53 /* photo-1331975562098-bac8ded504c7.jpg */ = {isa = PBXFileReference; lastKnownFileType = image.jpeg; path = "photo-1331975562098-bac8ded504c7.jpg"; sourceTree = "<group>"; };
		C0C7FD1B20FFD95D0052FD53 /* photo-1438190318100-06790c8b2e5a.jpg */ = {isa = PBXFileReference; lastKnownFileType = image.jpeg; path = "photo-1438190318100-06790c8b2e5a.jpg"; sourceTree = "<group>"; };
		C0C7FD2A20FFD9CD0052FD53 /* GalleryCell.h */ = {isa = PBXFileReference; fileEncoding = 4; lastKnownFileType = sourcecode.c.h; path = GalleryCell.h; sourceTree = "<group>"; };
		C0C7FD2C20FFD9CD0052FD53 /* GalleryCell.m */ = {isa = PBXFileReference; fileEncoding = 4; lastKnownFileType = sourcecode.c.objc; path = GalleryCell.m; sourceTree = "<group>"; };
		C0C7FD3220FFDE820052FD53 /* FirstPageViewController.swift */ = {isa = PBXFileReference; lastKnownFileType = sourcecode.swift; path = FirstPageViewController.swift; sourceTree = "<group>"; };
		C0C7FD3420FFE3220052FD53 /* gallery.json */ = {isa = PBXFileReference; fileEncoding = 4; lastKnownFileType = text.json; path = gallery.json; sourceTree = "<group>"; };
		C0C7FD3620FFE5920052FD53 /* galleryCell.xib */ = {isa = PBXFileReference; fileEncoding = 4; lastKnownFileType = file.xib; path = galleryCell.xib; sourceTree = "<group>"; };
		D4C4F723FF1E3379112A01B4 /* Pods-Deuro.release.xcconfig */ = {isa = PBXFileReference; includeInIndex = 1; lastKnownFileType = text.xcconfig; name = "Pods-Deuro.release.xcconfig"; path = "Pods/Target Support Files/Pods-Deuro/Pods-Deuro.release.xcconfig"; sourceTree = "<group>"; };
		D527A0056D698FE36A57118C /* Main.storyboard */ = {isa = PBXFileReference; lastKnownFileType = file.storyboard; path = Main.storyboard; sourceTree = "<group>"; };
		D527A13E48B18500949B7B96 /* CircularRevealAnimator.swift */ = {isa = PBXFileReference; fileEncoding = 4; lastKnownFileType = sourcecode.swift; path = CircularRevealAnimator.swift; sourceTree = "<group>"; };
		D527A23D29DEA855526855B0 /* Images.xcassets */ = {isa = PBXFileReference; lastKnownFileType = folder.assetcatalog; path = Images.xcassets; sourceTree = "<group>"; };
		D527A38D471E969546101E9D /* AnimationDelegate.swift */ = {isa = PBXFileReference; fileEncoding = 4; lastKnownFileType = sourcecode.swift; path = AnimationDelegate.swift; sourceTree = "<group>"; };
		D527A483DF3A43722B868175 /* ViewController.swift */ = {isa = PBXFileReference; fileEncoding = 4; lastKnownFileType = sourcecode.swift; path = ViewController.swift; sourceTree = "<group>"; };
		D527A8A79CD3995976B1E6E1 /* LaunchScreen.xib */ = {isa = PBXFileReference; lastKnownFileType = file.xib; path = LaunchScreen.xib; sourceTree = "<group>"; };
		D527A9A1CA6B6431213BC32A /* AppDelegate.swift */ = {isa = PBXFileReference; fileEncoding = 4; lastKnownFileType = sourcecode.swift; path = AppDelegate.swift; sourceTree = "<group>"; };
		D527AD4045CEF0C845F9C597 /* MenuViewController.swift */ = {isa = PBXFileReference; fileEncoding = 4; lastKnownFileType = sourcecode.swift; path = MenuViewController.swift; sourceTree = "<group>"; };
		D527ADC428F439B09D3D9536 /* CircularRevealTransitionAnimator.swift */ = {isa = PBXFileReference; fileEncoding = 4; lastKnownFileType = sourcecode.swift; path = CircularRevealTransitionAnimator.swift; sourceTree = "<group>"; };
		D527AF8B99B6CDA9B3B54F68 /* UITableViewCell.swift */ = {isa = PBXFileReference; fileEncoding = 4; lastKnownFileType = sourcecode.swift; path = UITableViewCell.swift; sourceTree = "<group>"; };
/* End PBXFileReference section */

/* Begin PBXFrameworksBuildPhase section */
		50B9664B1A25E40E00208F2E /* Frameworks */ = {
			isa = PBXFrameworksBuildPhase;
			buildActionMask = 2147483647;
			files = (
				F3620E0306A3627D68ADD8CB /* Pods_Deuro.framework in Frameworks */,
			);
			runOnlyForDeploymentPostprocessing = 0;
		};
/* End PBXFrameworksBuildPhase section */

/* Begin PBXGroup section */
		0D6E39D4803602390BCA225F /* Pods */ = {
			isa = PBXGroup;
			children = (
				7DB3452E422EDC1248757C18 /* Pods-Deuro.debug.xcconfig */,
				D4C4F723FF1E3379112A01B4 /* Pods-Deuro.release.xcconfig */,
			);
			name = Pods;
			sourceTree = "<group>";
		};
		3B601C49D1039C8A428B8796 /* Frameworks */ = {
			isa = PBXGroup;
			children = (
				22114E08B5BE94880F66A1D1 /* Pods_Deuro.framework */,
			);
			name = Frameworks;
			sourceTree = "<group>";
		};
		50B966451A25E40E00208F2E = {
			isa = PBXGroup;
			children = (
				50B966501A25E40E00208F2E /* Deuro */,
				50B9664F1A25E40E00208F2E /* Products */,
				3B601C49D1039C8A428B8796 /* Frameworks */,
				0D6E39D4803602390BCA225F /* Pods */,
			);
			sourceTree = "<group>";
		};
		50B9664F1A25E40E00208F2E /* Products */ = {
			isa = PBXGroup;
			children = (
				50B9664E1A25E40E00208F2E /* Deuro.app */,
			);
			name = Products;
			sourceTree = "<group>";
		};
		50B966501A25E40E00208F2E /* Deuro */ = {
			isa = PBXGroup;
			children = (
				C0C7FD0720FFD9280052FD53 /* Library */,
				50B966511A25E40E00208F2E /* Supporting Files */,
				D527A3BCD5D6369AB1ACD0C3 /* Misc */,
				D527AE40C58FD3F74535DE08 /* Extension */,
				D527A938FBAD14B57AC9C753 /* Controller */,
				D527AFAC7BD85D0EC7A2118D /* Resource */,
			);
			path = Deuro;
			sourceTree = "<group>";
		};
		50B966511A25E40E00208F2E /* Supporting Files */ = {
			isa = PBXGroup;
			children = (
				50B966521A25E40E00208F2E /* Info.plist */,
			);
			name = "Supporting Files";
			sourceTree = "<group>";
		};
		C0C7FD0720FFD9280052FD53 /* Library */ = {
			isa = PBXGroup;
			children = (
				C0C7FD0820FFD9370052FD53 /* AWCollectionViewSlidingDoors */,
			);
			path = Library;
			sourceTree = "<group>";
		};
		C0C7FD0820FFD9370052FD53 /* AWCollectionViewSlidingDoors */ = {
			isa = PBXGroup;
			children = (
				C0C7FD3420FFE3220052FD53 /* gallery.json */,
				C0C7FD3120FFD9D10052FD53 /* GalleryCell */,
				C0C7FD0D20FFD95D0052FD53 /* assets */,
				C0C7FD0A20FFD9400052FD53 /* AWCollectionViewSlidingDoorLayout.h */,
				C0C7FD0B20FFD9400052FD53 /* AWCollectionViewSlidingDoorLayout.m */,
			);
			path = AWCollectionViewSlidingDoors;
			sourceTree = "<group>";
		};
		C0C7FD0D20FFD95D0052FD53 /* assets */ = {
			isa = PBXGroup;
			children = (
				C0C7FD0E20FFD95D0052FD53 /* photo-1445285303476-2f3b16d67b7a.jpg */,
				C0C7FD0F20FFD95D0052FD53 /* photo-1431887773042-803ed52bed26.jpg */,
				C0C7FD1020FFD95D0052FD53 /* photo-1446752875215-b2761acb3c5d.jpg */,
				C0C7FD1120FFD95D0052FD53 /* photo-1446771326090-d910bfaf00f6.jpg */,
				C0C7FD1220FFD95D0052FD53 /* photo-1249182325215-d517de72c42d.jpg */,
				C0C7FD1320FFD95D0052FD53 /* photo-1443890923422-7819ed4101c0.jpg */,
				C0C7FD1420FFD95D0052FD53 /* photo-1447877015176-3099cb49cd6a.jpg */,
				C0C7FD1520FFD95D0052FD53 /* photo-1446797376004-9352dfc9f789.jpg */,
				C0C7FD1620FFD95D0052FD53 /* photo-1449157291145-7efd050a4d0e.jpg */,
				C0C7FD1720FFD95D0052FD53 /* menu.png */,
				C0C7FD1820FFD95D0052FD53 /* photo-1448318440207-ef1893eb8ac0.jpg */,
				C0C7FD1920FFD95D0052FD53 /* menu@2x.png */,
				C0C7FD1A20FFD95D0052FD53 /* photo-1331975562098-bac8ded504c7.jpg */,
				C0C7FD1B20FFD95D0052FD53 /* photo-1438190318100-06790c8b2e5a.jpg */,
			);
			path = assets;
			sourceTree = "<group>";
		};
		C0C7FD3120FFD9D10052FD53 /* GalleryCell */ = {
			isa = PBXGroup;
			children = (
				C0C7FD2A20FFD9CD0052FD53 /* GalleryCell.h */,
				C0C7FD2C20FFD9CD0052FD53 /* GalleryCell.m */,
				C0C7FD3620FFE5920052FD53 /* galleryCell.xib */,
			);
			path = GalleryCell;
			sourceTree = "<group>";
		};
		D527A3BCD5D6369AB1ACD0C3 /* Misc */ = {
			isa = PBXGroup;
			children = (
				D527A38D471E969546101E9D /* AnimationDelegate.swift */,
				D527A13E48B18500949B7B96 /* CircularRevealAnimator.swift */,
				D527ADC428F439B09D3D9536 /* CircularRevealTransitionAnimator.swift */,
				D527A9A1CA6B6431213BC32A /* AppDelegate.swift */,
			);
			path = Misc;
			sourceTree = "<group>";
		};
		D527A43293ADF757EFD527CD /* Image */ = {
			isa = PBXGroup;
			children = (
				D527A23D29DEA855526855B0 /* Images.xcassets */,
			);
			path = Image;
			sourceTree = "<group>";
		};
		D527A4842FD7B358BBB9038D /* Storyboard */ = {
			isa = PBXGroup;
			children = (
				D527A0056D698FE36A57118C /* Main.storyboard */,
			);
			path = Storyboard;
			sourceTree = "<group>";
		};
		D527A938FBAD14B57AC9C753 /* Controller */ = {
			isa = PBXGroup;
			children = (
				D527AD4045CEF0C845F9C597 /* MenuViewController.swift */,
				C0C7FD3220FFDE820052FD53 /* FirstPageViewController.swift */,
				C0C7FD0520FFA3250052FD53 /* MainNavigationController.swift */,
				D527A483DF3A43722B868175 /* ViewController.swift */,
			);
			path = Controller;
			sourceTree = "<group>";
		};
		D527AE40C58FD3F74535DE08 /* Extension */ = {
			isa = PBXGroup;
			children = (
				D527AF8B99B6CDA9B3B54F68 /* UITableViewCell.swift */,
			);
			path = Extension;
			sourceTree = "<group>";
		};
		D527AEF1DB8301BD76C34AAE /* Xib */ = {
			isa = PBXGroup;
			children = (
				D527A8A79CD3995976B1E6E1 /* LaunchScreen.xib */,
			);
			path = Xib;
			sourceTree = "<group>";
		};
		D527AFAC7BD85D0EC7A2118D /* Resource */ = {
			isa = PBXGroup;
			children = (
				C0C7FD0920FFD93F0052FD53 /* Deuro-Bridging-Header.h */,
				D527A4842FD7B358BBB9038D /* Storyboard */,
				D527AEF1DB8301BD76C34AAE /* Xib */,
				D527A43293ADF757EFD527CD /* Image */,
			);
			path = Resource;
			sourceTree = "<group>";
		};
/* End PBXGroup section */

/* Begin PBXNativeTarget section */
		50B9664D1A25E40E00208F2E /* Deuro */ = {
			isa = PBXNativeTarget;
			buildConfigurationList = 50B9666D1A25E40E00208F2E /* Build configuration list for PBXNativeTarget "Deuro" */;
			buildPhases = (
				D64E69EF36DD1BB975B5F1A1 /* [CP] Check Pods Manifest.lock */,
				50B9664A1A25E40E00208F2E /* Sources */,
				50B9664B1A25E40E00208F2E /* Frameworks */,
				50B9664C1A25E40E00208F2E /* Resources */,
				5008F06B1A6D0B4500D6B4EE /* Copy Files */,
				453EDA71DFF6C29096125C72 /* [CP] Embed Pods Frameworks */,
				4C3DF0C0A4766C5F80AC1FF3 /* [CP] Copy Pods Resources */,
				C02BD9122102DDA0004CA202 /* ShellScript */,
			);
			buildRules = (
			);
			dependencies = (
			);
			name = Deuro;
			productName = Menu;
			productReference = 50B9664E1A25E40E00208F2E /* Deuro.app */;
			productType = "com.apple.product-type.application";
		};
/* End PBXNativeTarget section */

/* Begin PBXProject section */
		50B966461A25E40E00208F2E /* Project object */ = {
			isa = PBXProject;
			attributes = {
				LastSwiftUpdateCheck = 0700;
				LastUpgradeCheck = 0940;
				ORGANIZATIONNAME = Yalantis;
				TargetAttributes = {
					50B9664D1A25E40E00208F2E = {
						CreatedOnToolsVersion = 6.1;
						DevelopmentTeam = MA3FRWNL5H;
						LastSwiftMigration = 0940;
					};
				};
			};
			buildConfigurationList = 50B966491A25E40E00208F2E /* Build configuration list for PBXProject "Deuro" */;
			compatibilityVersion = "Xcode 3.2";
			developmentRegion = English;
			hasScannedForEncodings = 0;
			knownRegions = (
				en,
				de,
				"zh-Hans",
				ja,
				es,
				da,
				"es-ES",
				"zh-Hant",
				vi,
				fr,
				pt,
			);
			mainGroup = 50B966451A25E40E00208F2E;
			productRefGroup = 50B9664F1A25E40E00208F2E /* Products */;
			projectDirPath = "";
			projectRoot = "";
			targets = (
				50B9664D1A25E40E00208F2E /* Deuro */,
			);
		};
/* End PBXProject section */

/* Begin PBXResourcesBuildPhase section */
		50B9664C1A25E40E00208F2E /* Resources */ = {
			isa = PBXResourcesBuildPhase;
			buildActionMask = 2147483647;
			files = (
				C0C7FD2820FFD95D0052FD53 /* photo-1331975562098-bac8ded504c7.jpg in Resources */,
				C0C7FD2120FFD95D0052FD53 /* photo-1443890923422-7819ed4101c0.jpg in Resources */,
				C0C7FD3720FFE5920052FD53 /* galleryCell.xib in Resources */,
				C0C7FD3520FFE3220052FD53 /* gallery.json in Resources */,
				D527A20BFCB7C7B0E37A4763 /* Main.storyboard in Resources */,
				C0C7FD2220FFD95D0052FD53 /* photo-1447877015176-3099cb49cd6a.jpg in Resources */,
				C0C7FD2520FFD95D0052FD53 /* menu.png in Resources */,
				D527A101E3BF9D807CC9609B /* LaunchScreen.xib in Resources */,
				C0C7FD1F20FFD95D0052FD53 /* photo-1446771326090-d910bfaf00f6.jpg in Resources */,
				C0C7FD1C20FFD95D0052FD53 /* photo-1445285303476-2f3b16d67b7a.jpg in Resources */,
				C0C7FD2720FFD95D0052FD53 /* menu@2x.png in Resources */,
				C0C7FD2020FFD95D0052FD53 /* photo-1249182325215-d517de72c42d.jpg in Resources */,
				C0C7FD1D20FFD95D0052FD53 /* photo-1431887773042-803ed52bed26.jpg in Resources */,
				D527AB5DDFE8C2F3C5FAF17D /* Images.xcassets in Resources */,
				C0C7FD2420FFD95D0052FD53 /* photo-1449157291145-7efd050a4d0e.jpg in Resources */,
				C0C7FD2920FFD95D0052FD53 /* photo-1438190318100-06790c8b2e5a.jpg in Resources */,
				C0C7FD1E20FFD95D0052FD53 /* photo-1446752875215-b2761acb3c5d.jpg in Resources */,
				C0C7FD2620FFD95D0052FD53 /* photo-1448318440207-ef1893eb8ac0.jpg in Resources */,
				C0C7FD2320FFD95D0052FD53 /* photo-1446797376004-9352dfc9f789.jpg in Resources */,
			);
			runOnlyForDeploymentPostprocessing = 0;
		};
/* End PBXResourcesBuildPhase section */

/* Begin PBXShellScriptBuildPhase section */
		453EDA71DFF6C29096125C72 /* [CP] Embed Pods Frameworks */ = {
			isa = PBXShellScriptBuildPhase;
			buildActionMask = 2147483647;
			files = (
			);
			inputPaths = (
				"${SRCROOT}/Pods/Target Support Files/Pods-Deuro/Pods-Deuro-frameworks.sh",
				"${BUILT_PRODUCTS_DIR}/AXIndicatorView/AXIndicatorView.framework",
				"${BUILT_PRODUCTS_DIR}/AXNavigationBackItemInjection/AXNavigationBackItemInjection.framework",
				"${BUILT_PRODUCTS_DIR}/AXPracticalHUD/AXPracticalHUD.framework",
				"${BUILT_PRODUCTS_DIR}/AXWebViewController/AXWebViewController.framework",
				"${BUILT_PRODUCTS_DIR}/Aspects/Aspects.framework",
				"${BUILT_PRODUCTS_DIR}/NJKWebViewProgress/NJKWebViewProgress.framework",
				"${BUILT_PRODUCTS_DIR}/YALSideMenu/SideMenu.framework",
			);
			name = "[CP] Embed Pods Frameworks";
			outputPaths = (
				"${TARGET_BUILD_DIR}/${FRAMEWORKS_FOLDER_PATH}/AXIndicatorView.framework",
				"${TARGET_BUILD_DIR}/${FRAMEWORKS_FOLDER_PATH}/AXNavigationBackItemInjection.framework",
				"${TARGET_BUILD_DIR}/${FRAMEWORKS_FOLDER_PATH}/AXPracticalHUD.framework",
				"${TARGET_BUILD_DIR}/${FRAMEWORKS_FOLDER_PATH}/AXWebViewController.framework",
				"${TARGET_BUILD_DIR}/${FRAMEWORKS_FOLDER_PATH}/Aspects.framework",
				"${TARGET_BUILD_DIR}/${FRAMEWORKS_FOLDER_PATH}/NJKWebViewProgress.framework",
				"${TARGET_BUILD_DIR}/${FRAMEWORKS_FOLDER_PATH}/SideMenu.framework",
			);
			runOnlyForDeploymentPostprocessing = 0;
			shellPath = /bin/sh;
			shellScript = "\"${SRCROOT}/Pods/Target Support Files/Pods-Deuro/Pods-Deuro-frameworks.sh\"\n";
			showEnvVarsInLog = 0;
		};
		4C3DF0C0A4766C5F80AC1FF3 /* [CP] Copy Pods Resources */ = {
			isa = PBXShellScriptBuildPhase;
			buildActionMask = 2147483647;
			files = (
			);
			inputPaths = (
			);
			name = "[CP] Copy Pods Resources";
			outputPaths = (
			);
			runOnlyForDeploymentPostprocessing = 0;
			shellPath = /bin/sh;
			shellScript = "\"${SRCROOT}/Pods/Target Support Files/Pods-Deuro/Pods-Deuro-resources.sh\"\n";
			showEnvVarsInLog = 0;
		};
		C02BD9122102DDA0004CA202 /* ShellScript */ = {
			isa = PBXShellScriptBuildPhase;
			buildActionMask = 2147483647;
			files = (
			);
			inputPaths = (
			);
			outputPaths = (
			);
			runOnlyForDeploymentPostprocessing = 0;
			shellPath = /bin/sh;
			shellScript = "\"${PODS_ROOT}/Fabric/run\" e8bc8ddfc58d3f38d03e64a8c53fcf9cbf4adc64 5483cbf13d43ab7658f9037d0fc3cc75d227f1f138f1b2b7e58b96c3ca83be17";
		};
		D64E69EF36DD1BB975B5F1A1 /* [CP] Check Pods Manifest.lock */ = {
			isa = PBXShellScriptBuildPhase;
			buildActionMask = 2147483647;
			files = (
			);
			inputPaths = (
				"${PODS_PODFILE_DIR_PATH}/Podfile.lock",
				"${PODS_ROOT}/Manifest.lock",
			);
			name = "[CP] Check Pods Manifest.lock";
			outputPaths = (
				"$(DERIVED_FILE_DIR)/Pods-Deuro-checkManifestLockResult.txt",
			);
			runOnlyForDeploymentPostprocessing = 0;
			shellPath = /bin/sh;
			shellScript = "diff \"${PODS_PODFILE_DIR_PATH}/Podfile.lock\" \"${PODS_ROOT}/Manifest.lock\" > /dev/null\nif [ $? != 0 ] ; then\n    # print error to STDERR\n    echo \"error: The sandbox is not in sync with the Podfile.lock. Run 'pod install' or update your CocoaPods installation.\" >&2\n    exit 1\nfi\n# This output is used by Xcode 'outputs' to avoid re-running this script phase.\necho \"SUCCESS\" > \"${SCRIPT_OUTPUT_FILE_0}\"\n";
			showEnvVarsInLog = 0;
		};
/* End PBXShellScriptBuildPhase section */

/* Begin PBXSourcesBuildPhase section */
		50B9664A1A25E40E00208F2E /* Sources */ = {
			isa = PBXSourcesBuildPhase;
			buildActionMask = 2147483647;
			files = (
				D527A8AB2910DEAFC8280DB3 /* AnimationDelegate.swift in Sources */,
				D527ABFB0A09CCCD2CDA8D1F /* UITableViewCell.swift in Sources */,
				C0C7FD3320FFDE820052FD53 /* FirstPageViewController.swift in Sources */,
				C0C7FD0620FFA3250052FD53 /* MainNavigationController.swift in Sources */,
				D527AF8942F06D055CB017CD /* MenuViewController.swift in Sources */,
				C0C7FD2F20FFD9CD0052FD53 /* GalleryCell.m in Sources */,
				C0C7FD0C20FFD9400052FD53 /* AWCollectionViewSlidingDoorLayout.m in Sources */,
				D527ADAA92A06CB2A8B2A8CE /* ViewController.swift in Sources */,
				D527A57D9911754481704B6B /* CircularRevealAnimator.swift in Sources */,
				D527A9045F5ABFD082C88DE9 /* CircularRevealTransitionAnimator.swift in Sources */,
				D527A7200B55D7F02B668EB7 /* AppDelegate.swift in Sources */,
			);
			runOnlyForDeploymentPostprocessing = 0;
		};
/* End PBXSourcesBuildPhase section */

/* Begin XCBuildConfiguration section */
		50B9666B1A25E40E00208F2E /* Debug */ = {
			isa = XCBuildConfiguration;
			buildSettings = {
				ALWAYS_SEARCH_USER_PATHS = NO;
				CLANG_CXX_LANGUAGE_STANDARD = "gnu++0x";
				CLANG_CXX_LIBRARY = "libc++";
				CLANG_ENABLE_MODULES = YES;
				CLANG_ENABLE_OBJC_ARC = YES;
				CLANG_WARN_BLOCK_CAPTURE_AUTORELEASING = YES;
				CLANG_WARN_BOOL_CONVERSION = YES;
				CLANG_WARN_COMMA = YES;
				CLANG_WARN_CONSTANT_CONVERSION = YES;
				CLANG_WARN_DEPRECATED_OBJC_IMPLEMENTATIONS = YES;
				CLANG_WARN_DIRECT_OBJC_ISA_USAGE = YES_ERROR;
				CLANG_WARN_EMPTY_BODY = YES;
				CLANG_WARN_ENUM_CONVERSION = YES;
				CLANG_WARN_INFINITE_RECURSION = YES;
				CLANG_WARN_INT_CONVERSION = YES;
				CLANG_WARN_NON_LITERAL_NULL_CONVERSION = YES;
				CLANG_WARN_OBJC_IMPLICIT_RETAIN_SELF = YES;
				CLANG_WARN_OBJC_LITERAL_CONVERSION = YES;
				CLANG_WARN_OBJC_ROOT_CLASS = YES_ERROR;
				CLANG_WARN_RANGE_LOOP_ANALYSIS = YES;
				CLANG_WARN_STRICT_PROTOTYPES = YES;
				CLANG_WARN_SUSPICIOUS_MOVE = YES;
				CLANG_WARN_UNREACHABLE_CODE = YES;
				CLANG_WARN__DUPLICATE_METHOD_MATCH = YES;
				"CODE_SIGN_IDENTITY[sdk=iphoneos*]" = "iPhone Developer";
				COPY_PHASE_STRIP = NO;
				CURRENT_PROJECT_VERSION = 2;
				ENABLE_STRICT_OBJC_MSGSEND = YES;
				ENABLE_TESTABILITY = YES;
				GCC_C_LANGUAGE_STANDARD = gnu99;
				GCC_DYNAMIC_NO_PIC = NO;
				GCC_NO_COMMON_BLOCKS = YES;
				GCC_OPTIMIZATION_LEVEL = 0;
				GCC_PREPROCESSOR_DEFINITIONS = (
					"DEBUG=1",
					"$(inherited)",
				);
				GCC_SYMBOLS_PRIVATE_EXTERN = NO;
				GCC_WARN_64_TO_32_BIT_CONVERSION = YES;
				GCC_WARN_ABOUT_RETURN_TYPE = YES_ERROR;
				GCC_WARN_UNDECLARED_SELECTOR = YES;
				GCC_WARN_UNINITIALIZED_AUTOS = YES_AGGRESSIVE;
				GCC_WARN_UNUSED_FUNCTION = YES;
				GCC_WARN_UNUSED_VARIABLE = YES;
				IPHONEOS_DEPLOYMENT_TARGET = 9.0;
				MTL_ENABLE_DEBUG_INFO = YES;
				ONLY_ACTIVE_ARCH = YES;
				SDKROOT = iphoneos;
				SWIFT_OPTIMIZATION_LEVEL = "-Onone";
				VERSIONING_SYSTEM = "apple-generic";
			};
			name = Debug;
		};
		50B9666C1A25E40E00208F2E /* Release */ = {
			isa = XCBuildConfiguration;
			buildSettings = {
				ALWAYS_SEARCH_USER_PATHS = NO;
				CLANG_CXX_LANGUAGE_STANDARD = "gnu++0x";
				CLANG_CXX_LIBRARY = "libc++";
				CLANG_ENABLE_MODULES = YES;
				CLANG_ENABLE_OBJC_ARC = YES;
				CLANG_WARN_BLOCK_CAPTURE_AUTORELEASING = YES;
				CLANG_WARN_BOOL_CONVERSION = YES;
				CLANG_WARN_COMMA = YES;
				CLANG_WARN_CONSTANT_CONVERSION = YES;
				CLANG_WARN_DEPRECATED_OBJC_IMPLEMENTATIONS = YES;
				CLANG_WARN_DIRECT_OBJC_ISA_USAGE = YES_ERROR;
				CLANG_WARN_EMPTY_BODY = YES;
				CLANG_WARN_ENUM_CONVERSION = YES;
				CLANG_WARN_INFINITE_RECURSION = YES;
				CLANG_WARN_INT_CONVERSION = YES;
				CLANG_WARN_NON_LITERAL_NULL_CONVERSION = YES;
				CLANG_WARN_OBJC_IMPLICIT_RETAIN_SELF = YES;
				CLANG_WARN_OBJC_LITERAL_CONVERSION = YES;
				CLANG_WARN_OBJC_ROOT_CLASS = YES_ERROR;
				CLANG_WARN_RANGE_LOOP_ANALYSIS = YES;
				CLANG_WARN_STRICT_PROTOTYPES = YES;
				CLANG_WARN_SUSPICIOUS_MOVE = YES;
				CLANG_WARN_UNREACHABLE_CODE = YES;
				CLANG_WARN__DUPLICATE_METHOD_MATCH = YES;
				"CODE_SIGN_IDENTITY[sdk=iphoneos*]" = "iPhone Developer";
				COPY_PHASE_STRIP = YES;
				CURRENT_PROJECT_VERSION = 2;
				ENABLE_NS_ASSERTIONS = NO;
				ENABLE_STRICT_OBJC_MSGSEND = YES;
				GCC_C_LANGUAGE_STANDARD = gnu99;
				GCC_NO_COMMON_BLOCKS = YES;
				GCC_WARN_64_TO_32_BIT_CONVERSION = YES;
				GCC_WARN_ABOUT_RETURN_TYPE = YES_ERROR;
				GCC_WARN_UNDECLARED_SELECTOR = YES;
				GCC_WARN_UNINITIALIZED_AUTOS = YES_AGGRESSIVE;
				GCC_WARN_UNUSED_FUNCTION = YES;
				GCC_WARN_UNUSED_VARIABLE = YES;
				IPHONEOS_DEPLOYMENT_TARGET = 9.0;
				MTL_ENABLE_DEBUG_INFO = NO;
				SDKROOT = iphoneos;
				SWIFT_OPTIMIZATION_LEVEL = "-Owholemodule";
				VALIDATE_PRODUCT = YES;
				VERSIONING_SYSTEM = "apple-generic";
			};
			name = Release;
		};
		50B9666E1A25E40E00208F2E /* Debug */ = {
			isa = XCBuildConfiguration;
			baseConfigurationReference = 7DB3452E422EDC1248757C18 /* Pods-Deuro.debug.xcconfig */;
			buildSettings = {
				ASSETCATALOG_COMPILER_APPICON_NAME = AppIcon;
				CLANG_ENABLE_MODULES = YES;
				CURRENT_PROJECT_VERSION = 2;
				DEVELOPMENT_TEAM = MA3FRWNL5H;
				FRAMEWORK_SEARCH_PATHS = (
					"$(inherited)",
					"$(PROJECT_DIR)",
				);
				INFOPLIST_FILE = "$(SRCROOT)/Deuro/Info.plist";
				IPHONEOS_DEPLOYMENT_TARGET = 10.0;
				LD_RUNPATH_SEARCH_PATHS = "$(inherited) @executable_path/Frameworks";
				PRODUCT_BUNDLE_IDENTIFIER = com.deuro.ios;
				PRODUCT_NAME = Deuro;
				SWIFT_OBJC_BRIDGING_HEADER = "Deuro/Resource/Deuro-Bridging-Header.h";
				SWIFT_OPTIMIZATION_LEVEL = "-Onone";
				SWIFT_VERSION = 3.0;
				VERSIONING_SYSTEM = "apple-generic";
			};
			name = Debug;
		};
		50B9666F1A25E40E00208F2E /* Release */ = {
			isa = XCBuildConfiguration;
			baseConfigurationReference = D4C4F723FF1E3379112A01B4 /* Pods-Deuro.release.xcconfig */;
			buildSettings = {
				ASSETCATALOG_COMPILER_APPICON_NAME = AppIcon;
				CLANG_ENABLE_MODULES = YES;
				CURRENT_PROJECT_VERSION = 2;
				DEVELOPMENT_TEAM = MA3FRWNL5H;
				FRAMEWORK_SEARCH_PATHS = (
					"$(inherited)",
					"$(PROJECT_DIR)",
				);
				INFOPLIST_FILE = "$(SRCROOT)/Deuro/Info.plist";
				IPHONEOS_DEPLOYMENT_TARGET = 10.0;
				LD_RUNPATH_SEARCH_PATHS = "$(inherited) @executable_path/Frameworks";
				PRODUCT_BUNDLE_IDENTIFIER = com.deuro.ios;
				PRODUCT_NAME = Deuro;
				SWIFT_OBJC_BRIDGING_HEADER = "Deuro/Resource/Deuro-Bridging-Header.h";
				SWIFT_VERSION = 3.0;
				VERSIONING_SYSTEM = "apple-generic";
			};
			name = Release;
		};
/* End XCBuildConfiguration section */

/* Begin XCConfigurationList section */
		50B966491A25E40E00208F2E /* Build configuration list for PBXProject "Deuro" */ = {
			isa = XCConfigurationList;
			buildConfigurations = (
				50B9666B1A25E40E00208F2E /* Debug */,
				50B9666C1A25E40E00208F2E /* Release */,
			);
			defaultConfigurationIsVisible = 0;
			defaultConfigurationName = Release;
		};
		50B9666D1A25E40E00208F2E /* Build configuration list for PBXNativeTarget "Deuro" */ = {
			isa = XCConfigurationList;
			buildConfigurations = (
				50B9666E1A25E40E00208F2E /* Debug */,
				50B9666F1A25E40E00208F2E /* Release */,
			);
			defaultConfigurationIsVisible = 0;
			defaultConfigurationName = Release;
		};
/* End XCConfigurationList section */
	};
	rootObject = 50B966461A25E40E00208F2E /* Project object */;
}
